
Microsoft Visual Studio Solution File, Format Version 12.00
# Visual Studio 15
VisualStudioVersion = 15.0.27130.0
MinimumVisualStudioVersion = 10.0.40219.1
Project("{FAE04EC0-301F-11D3-BF4B-00C04F79EFBC}") = "Korektor", "Korektor\Korektor.csproj", "{8551B674-374B-49A5-BA70-D522EB1FB875}"
EndProject
Global
	GlobalSection(SolutionConfigurationPlatforms) = preSolution
		Debug|Any CPU = Debug|Any CPU
		Debug|x86 = Debug|x86
		Release|Any CPU = Release|Any CPU
		Release|x86 = Release|x86
	EndGlobalSection
	GlobalSection(ProjectConfigurationPlatforms) = postSolution
		{8551B674-374B-49A5-BA70-D522EB1FB875}.Debug|Any CPU.ActiveCfg = Debug|Any CPU
		{8551B674-374B-49A5-BA70-D522EB1FB875}.Debug|Any CPU.Build.0 = Debug|Any CPU
		{8551B674-374B-49A5-BA70-D522EB1FB875}.Debug|x86.ActiveCfg = Debug|Any CPU
		{8551B674-374B-49A5-BA70-D522EB1FB875}.Debug|x86.Build.0 = Debug|Any CPU
		{8551B674-374B-49A5-BA70-D522EB1FB875}.Release|Any CPU.ActiveCfg = Release|Any CPU
		{8551B674-374B-49A5-BA70-D522EB1FB875}.Release|Any CPU.Build.0 = Release|Any CPU
		{8551B674-374B-49A5-BA70-D522EB1FB875}.Release|x86.ActiveCfg = Release|Any CPU
		{8551B674-374B-49A5-BA70-D522EB1FB875}.Release|x86.Build.0 = Release|Any CPU
	EndGlobalSection
	GlobalSection(SolutionProperties) = preSolution
		HideSolutionNode = FALSE
	EndGlobalSection
	GlobalSection(ExtensibilityGlobals) = postSolution
		SolutionGuid = {CA0AD8CA-C5AB-4A50-8E99-AE8E60FD30F0}
	EndGlobalSection
EndGlobal
